{
  "name": "server",
  "version": "1.0.0",
  "lockfileVersion": 1,
  "requires": true,
  "dependencies": {
    "concat-stream": {
      "version": "0.0.7",
      "resolved": "https://registry.npmjs.org/concat-stream/-/concat-stream-0.0.7.tgz",
      "integrity": "sha1-4Tfjj5RiYbvvuktQN8zEPVqo88M="
    },
    "mdb": {
      "version": "0.1.0",
      "resolved": "https://registry.npmjs.org/mdb/-/mdb-0.1.0.tgz",
      "integrity": "sha1-68mp5uy8uIyfycibhO0oEpErElk=",
      "requires": {
        "concat-stream": "0.0.7"
      }
    },
    "mdbootstrap": {
      "version": "4.18.0",
      "resolved": "https://registry.npmjs.org/mdbootstrap/-/mdbootstrap-4.18.0.tgz",
      "integrity": "sha512-4ztF6J460R4cbJAISKUSHzSBlPgjZy7fnuUATlbeHbLTLL7ZJwfJ1kibg2yX5dHz9KgJzcr9OKHBsnJAx9T0SA=="
    }
  }
}